
Microsoft Visual Studio Solution File, Format Version 12.00
# Visual Studio Version 17
VisualStudioVersion = 17.0.31919.166
MinimumVisualStudioVersion = 10.0.40219.1
Project("{9A19103F-16F7-4668-BE54-9A1E7A4F7556}") = "Interface", "Interface\Interface.csproj", "{08318973-1E41-4B50-A295-63FD7136B2BC}"
EndProject
Project("{9A19103F-16F7-4668-BE54-9A1E7A4F7556}") = "DataProcessing", "DataProcessing\DataProcessing.csproj", "{2BDC5210-4335-4FAC-B939-22FAA90A44A5}"
EndProject
Project("{9A19103F-16F7-4668-BE54-9A1E7A4F7556}") = "DataProcessing.WinForms", "DataProcessing.WinForms\DataProcessing.WinForms.csproj", "{F5553448-7187-4BE4-9518-4A6187531B5D}"
EndProject
Project("{FAE04EC0-301F-11D3-BF4B-00C04F79EFBC}") = "Grapher", "Grapher\Grapher.csproj", "{904D72BA-EE19-4B23-84FB-5C9CFECEF303}"
EndProject
Global
	GlobalSection(SolutionConfigurationPlatforms) = preSolution
		Debug|Any CPU = Debug|Any CPU
		Release|Any CPU = Release|Any CPU
	EndGlobalSection
	GlobalSection(ProjectConfigurationPlatforms) = postSolution
		{08318973-1E41-4B50-A295-63FD7136B2BC}.Debug|Any CPU.ActiveCfg = Debug|Any CPU
		{08318973-1E41-4B50-A295-63FD7136B2BC}.Debug|Any CPU.Build.0 = Debug|Any CPU
		{08318973-1E41-4B50-A295-63FD7136B2BC}.Release|Any CPU.ActiveCfg = Release|Any CPU
		{08318973-1E41-4B50-A295-63FD7136B2BC}.Release|Any CPU.Build.0 = Release|Any CPU
		{2BDC5210-4335-4FAC-B939-22FAA90A44A5}.Debug|Any CPU.ActiveCfg = Debug|Any CPU
		{2BDC5210-4335-4FAC-B939-22FAA90A44A5}.Debug|Any CPU.Build.0 = Debug|Any CPU
		{2BDC5210-4335-4FAC-B939-22FAA90A44A5}.Release|Any CPU.ActiveCfg = Release|Any CPU
		{2BDC5210-4335-4FAC-B939-22FAA90A44A5}.Release|Any CPU.Build.0 = Release|Any CPU
		{F5553448-7187-4BE4-9518-4A6187531B5D}.Debug|Any CPU.ActiveCfg = Debug|Any CPU
		{F5553448-7187-4BE4-9518-4A6187531B5D}.Debug|Any CPU.Build.0 = Debug|Any CPU
		{F5553448-7187-4BE4-9518-4A6187531B5D}.Release|Any CPU.ActiveCfg = Release|Any CPU
		{F5553448-7187-4BE4-9518-4A6187531B5D}.Release|Any CPU.Build.0 = Release|Any CPU
		{904D72BA-EE19-4B23-84FB-5C9CFECEF303}.Debug|Any CPU.ActiveCfg = Debug|Any CPU
		{904D72BA-EE19-4B23-84FB-5C9CFECEF303}.Debug|Any CPU.Build.0 = Debug|Any CPU
		{904D72BA-EE19-4B23-84FB-5C9CFECEF303}.Release|Any CPU.ActiveCfg = Release|Any CPU
		{904D72BA-EE19-4B23-84FB-5C9CFECEF303}.Release|Any CPU.Build.0 = Release|Any CPU
	EndGlobalSection
	GlobalSection(SolutionProperties) = preSolution
		HideSolutionNode = FALSE
	EndGlobalSection
	GlobalSection(ExtensibilityGlobals) = postSolution
		SolutionGuid = {6D4A99F9-3BAF-469F-9735-5BE5ACD591CA}
	EndGlobalSection
EndGlobal
